
Microsoft Visual Studio Solution File, Format Version 12.00
# Visual Studio Version 17
VisualStudioVersion = 17.7.34031.279
MinimumVisualStudioVersion = 10.0.40219.1
Project("{8BC9CEB8-8B4A-11D0-8D11-00A0C91BC942}") = "LOG_L_7_2", "LOG_L_7_2.vcxproj", "{F3DC12C0-752F-44A3-AA8E-7D68B660BCC6}"
EndProject
Global
	GlobalSection(SolutionConfigurationPlatforms) = preSolution
		Debug|x64 = Debug|x64
		Debug|x86 = Debug|x86
		Release|x64 = Release|x64
		Release|x86 = Release|x86
	EndGlobalSection
	GlobalSection(ProjectConfigurationPlatforms) = postSolution
		{F3DC12C0-752F-44A3-AA8E-7D68B660BCC6}.Debug|x64.ActiveCfg = Debug|x64
		{F3DC12C0-752F-44A3-AA8E-7D68B660BCC6}.Debug|x64.Build.0 = Debug|x64
		{F3DC12C0-752F-44A3-AA8E-7D68B660BCC6}.Debug|x86.ActiveCfg = Debug|Win32
		{F3DC12C0-752F-44A3-AA8E-7D68B660BCC6}.Debug|x86.Build.0 = Debug|Win32
		{F3DC12C0-752F-44A3-AA8E-7D68B660BCC6}.Release|x64.ActiveCfg = Release|x64
		{F3DC12C0-752F-44A3-AA8E-7D68B660BCC6}.Release|x64.Build.0 = Release|x64
		{F3DC12C0-752F-44A3-AA8E-7D68B660BCC6}.Release|x86.ActiveCfg = Release|Win32
		{F3DC12C0-752F-44A3-AA8E-7D68B660BCC6}.Release|x86.Build.0 = Release|Win32
	EndGlobalSection
	GlobalSection(SolutionProperties) = preSolution
		HideSolutionNode = FALSE
	EndGlobalSection
	GlobalSection(ExtensibilityGlobals) = postSolution
		SolutionGuid = {5D4C90D6-B549-4EAB-9340-424A0D2459C9}
	EndGlobalSection
EndGlobal
